
Microsoft Visual Studio Solution File, Format Version 12.00
# Visual Studio 15
VisualStudioVersion = 15.0.27130.2036
MinimumVisualStudioVersion = 10.0.40219.1
Project("{9A19103F-16F7-4668-BE54-9A1E7A4F7556}") = "Stardust.Interstellar.Rest.Annotations", "Stardust.Interstellar.Rest.Annotations\Stardust.Interstellar.Rest.Annotations.csproj", "{03F62A57-E6B3-4F9D-977D-5BEF0D188C6C}"
EndProject
Project("{9A19103F-16F7-4668-BE54-9A1E7A4F7556}") = "Stardust.Interstellar.Rest", "Stardust.Interstellar.Rest\Stardust.Interstellar.Rest.csproj", "{3A09F749-DCC7-4208-B113-68745211A6A5}"
EndProject
Project("{FAE04EC0-301F-11D3-BF4B-00C04F79EFBC}") = "Stardust.Interstellar.Rest.Service", "Stardust.Interstellar.Rest.Service\Stardust.Interstellar.Rest.Service.csproj", "{780744E0-5684-43C8-A28C-447EDAF2170A}"
EndProject
Project("{9A19103F-16F7-4668-BE54-9A1E7A4F7556}") = "Stardust.Interstellar.Rest.CoreService", "Stardust.Interstellar.Rest.CoreService\Stardust.Interstellar.Rest.CoreService.csproj", "{0CBF74C8-73C7-4B12-A420-3AD601F21829}"
EndProject
Project("{9A19103F-16F7-4668-BE54-9A1E7A4F7556}") = "Stardust.Continuum.Client", "Stardust.Continuum.Client\Stardust.Continuum.Client.csproj", "{08F46D3F-7A28-467C-9C0A-4E39E8AC288E}"
EndProject
Project("{9A19103F-16F7-4668-BE54-9A1E7A4F7556}") = "NetCoreTestWeb", "NetCoreTestWeb\NetCoreTestWeb.csproj", "{BE99D5DC-946E-4B66-9ECE-30BE52F5EE5F}"
EndProject
Project("{2150E333-8FDC-42A3-9474-1A3956D46DE8}") = "NugetPublish", "NugetPublish", "{E9AFC342-6375-4675-B1A4-EAB368315DBE}"
	ProjectSection(SolutionItems) = preProject
		PackAuthFilters.bat = PackAuthFilters.bat
	EndProjectSection
EndProject
Project("{FAE04EC0-301F-11D3-BF4B-00C04F79EFBC}") = "Swashbuckle.Stardust.Interstellar", "Swashbuckle.Stardust.Interstellar\Swashbuckle.Stardust.Interstellar.csproj", "{9984CB92-BE24-452D-8DDD-001436E4AAC7}"
EndProject
Project("{FAE04EC0-301F-11D3-BF4B-00C04F79EFBC}") = "Stardust.Interstellar.Rest.DependencyInjection", "Stardust.Interstellar.Rest.Dependencyinjection\Stardust.Interstellar.Rest.DependencyInjection.csproj", "{CE144E90-71B8-4498-BAA8-FD24CE921259}"
EndProject
Project("{FAE04EC0-301F-11D3-BF4B-00C04F79EFBC}") = "NetFxWithDITest", "NetFxWithDITest\NetFxWithDITest.csproj", "{03E0CB81-BEDD-4E06-89AC-CB48557E1D2B}"
EndProject
Global
	GlobalSection(SolutionConfigurationPlatforms) = preSolution
		Ad-Hoc|Any CPU = Ad-Hoc|Any CPU
		Ad-Hoc|iPhone = Ad-Hoc|iPhone
		Ad-Hoc|iPhoneSimulator = Ad-Hoc|iPhoneSimulator
		AppStore|Any CPU = AppStore|Any CPU
		AppStore|iPhone = AppStore|iPhone
		AppStore|iPhoneSimulator = AppStore|iPhoneSimulator
		Debug|Any CPU = Debug|Any CPU
		Debug|iPhone = Debug|iPhone
		Debug|iPhoneSimulator = Debug|iPhoneSimulator
		Release|Any CPU = Release|Any CPU
		Release|iPhone = Release|iPhone
		Release|iPhoneSimulator = Release|iPhoneSimulator
	EndGlobalSection
	GlobalSection(ProjectConfigurationPlatforms) = postSolution
		{03F62A57-E6B3-4F9D-977D-5BEF0D188C6C}.Ad-Hoc|Any CPU.ActiveCfg = Release|Any CPU
		{03F62A57-E6B3-4F9D-977D-5BEF0D188C6C}.Ad-Hoc|Any CPU.Build.0 = Release|Any CPU
		{03F62A57-E6B3-4F9D-977D-5BEF0D188C6C}.Ad-Hoc|iPhone.ActiveCfg = Release|Any CPU
		{03F62A57-E6B3-4F9D-977D-5BEF0D188C6C}.Ad-Hoc|iPhone.Build.0 = Release|Any CPU
		{03F62A57-E6B3-4F9D-977D-5BEF0D188C6C}.Ad-Hoc|iPhoneSimulator.ActiveCfg = Release|Any CPU
		{03F62A57-E6B3-4F9D-977D-5BEF0D188C6C}.Ad-Hoc|iPhoneSimulator.Build.0 = Release|Any CPU
		{03F62A57-E6B3-4F9D-977D-5BEF0D188C6C}.AppStore|Any CPU.ActiveCfg = Release|Any CPU
		{03F62A57-E6B3-4F9D-977D-5BEF0D188C6C}.AppStore|Any CPU.Build.0 = Release|Any CPU
		{03F62A57-E6B3-4F9D-977D-5BEF0D188C6C}.AppStore|iPhone.ActiveCfg = Release|Any CPU
		{03F62A57-E6B3-4F9D-977D-5BEF0D188C6C}.AppStore|iPhone.Build.0 = Release|Any CPU
		{03F62A57-E6B3-4F9D-977D-5BEF0D188C6C}.AppStore|iPhoneSimulator.ActiveCfg = Release|Any CPU
		{03F62A57-E6B3-4F9D-977D-5BEF0D188C6C}.AppStore|iPhoneSimulator.Build.0 = Release|Any CPU
		{03F62A57-E6B3-4F9D-977D-5BEF0D188C6C}.Debug|Any CPU.ActiveCfg = Debug|Any CPU
		{03F62A57-E6B3-4F9D-977D-5BEF0D188C6C}.Debug|Any CPU.Build.0 = Debug|Any CPU
		{03F62A57-E6B3-4F9D-977D-5BEF0D188C6C}.Debug|iPhone.ActiveCfg = Debug|Any CPU
		{03F62A57-E6B3-4F9D-977D-5BEF0D188C6C}.Debug|iPhone.Build.0 = Debug|Any CPU
		{03F62A57-E6B3-4F9D-977D-5BEF0D188C6C}.Debug|iPhoneSimulator.ActiveCfg = Debug|Any CPU
		{03F62A57-E6B3-4F9D-977D-5BEF0D188C6C}.Debug|iPhoneSimulator.Build.0 = Debug|Any CPU
		{03F62A57-E6B3-4F9D-977D-5BEF0D188C6C}.Release|Any CPU.ActiveCfg = Release|Any CPU
		{03F62A57-E6B3-4F9D-977D-5BEF0D188C6C}.Release|Any CPU.Build.0 = Release|Any CPU
		{03F62A57-E6B3-4F9D-977D-5BEF0D188C6C}.Release|iPhone.ActiveCfg = Release|Any CPU
		{03F62A57-E6B3-4F9D-977D-5BEF0D188C6C}.Release|iPhone.Build.0 = Release|Any CPU
		{03F62A57-E6B3-4F9D-977D-5BEF0D188C6C}.Release|iPhoneSimulator.ActiveCfg = Release|Any CPU
		{03F62A57-E6B3-4F9D-977D-5BEF0D188C6C}.Release|iPhoneSimulator.Build.0 = Release|Any CPU
		{3A09F749-DCC7-4208-B113-68745211A6A5}.Ad-Hoc|Any CPU.ActiveCfg = Release|Any CPU
		{3A09F749-DCC7-4208-B113-68745211A6A5}.Ad-Hoc|Any CPU.Build.0 = Release|Any CPU
		{3A09F749-DCC7-4208-B113-68745211A6A5}.Ad-Hoc|iPhone.ActiveCfg = Release|Any CPU
		{3A09F749-DCC7-4208-B113-68745211A6A5}.Ad-Hoc|iPhone.Build.0 = Release|Any CPU
		{3A09F749-DCC7-4208-B113-68745211A6A5}.Ad-Hoc|iPhoneSimulator.ActiveCfg = Release|Any CPU
		{3A09F749-DCC7-4208-B113-68745211A6A5}.Ad-Hoc|iPhoneSimulator.Build.0 = Release|Any CPU
		{3A09F749-DCC7-4208-B113-68745211A6A5}.AppStore|Any CPU.ActiveCfg = Release|Any CPU
		{3A09F749-DCC7-4208-B113-68745211A6A5}.AppStore|Any CPU.Build.0 = Release|Any CPU
		{3A09F749-DCC7-4208-B113-68745211A6A5}.AppStore|iPhone.ActiveCfg = Release|Any CPU
		{3A09F749-DCC7-4208-B113-68745211A6A5}.AppStore|iPhone.Build.0 = Release|Any CPU
		{3A09F749-DCC7-4208-B113-68745211A6A5}.AppStore|iPhoneSimulator.ActiveCfg = Release|Any CPU
		{3A09F749-DCC7-4208-B113-68745211A6A5}.AppStore|iPhoneSimulator.Build.0 = Release|Any CPU
		{3A09F749-DCC7-4208-B113-68745211A6A5}.Debug|Any CPU.ActiveCfg = Debug|Any CPU
		{3A09F749-DCC7-4208-B113-68745211A6A5}.Debug|Any CPU.Build.0 = Debug|Any CPU
		{3A09F749-DCC7-4208-B113-68745211A6A5}.Debug|iPhone.ActiveCfg = Debug|Any CPU
		{3A09F749-DCC7-4208-B113-68745211A6A5}.Debug|iPhone.Build.0 = Debug|Any CPU
		{3A09F749-DCC7-4208-B113-68745211A6A5}.Debug|iPhoneSimulator.ActiveCfg = Debug|Any CPU
		{3A09F749-DCC7-4208-B113-68745211A6A5}.Debug|iPhoneSimulator.Build.0 = Debug|Any CPU
		{3A09F749-DCC7-4208-B113-68745211A6A5}.Release|Any CPU.ActiveCfg = Release|Any CPU
		{3A09F749-DCC7-4208-B113-68745211A6A5}.Release|Any CPU.Build.0 = Release|Any CPU
		{3A09F749-DCC7-4208-B113-68745211A6A5}.Release|iPhone.ActiveCfg = Release|Any CPU
		{3A09F749-DCC7-4208-B113-68745211A6A5}.Release|iPhone.Build.0 = Release|Any CPU
		{3A09F749-DCC7-4208-B113-68745211A6A5}.Release|iPhoneSimulator.ActiveCfg = Release|Any CPU
		{3A09F749-DCC7-4208-B113-68745211A6A5}.Release|iPhoneSimulator.Build.0 = Release|Any CPU
		{780744E0-5684-43C8-A28C-447EDAF2170A}.Ad-Hoc|Any CPU.ActiveCfg = Release|Any CPU
		{780744E0-5684-43C8-A28C-447EDAF2170A}.Ad-Hoc|Any CPU.Build.0 = Release|Any CPU
		{780744E0-5684-43C8-A28C-447EDAF2170A}.Ad-Hoc|iPhone.ActiveCfg = Release|Any CPU
		{780744E0-5684-43C8-A28C-447EDAF2170A}.Ad-Hoc|iPhone.Build.0 = Release|Any CPU
		{780744E0-5684-43C8-A28C-447EDAF2170A}.Ad-Hoc|iPhoneSimulator.ActiveCfg = Release|Any CPU
		{780744E0-5684-43C8-A28C-447EDAF2170A}.Ad-Hoc|iPhoneSimulator.Build.0 = Release|Any CPU
		{780744E0-5684-43C8-A28C-447EDAF2170A}.AppStore|Any CPU.ActiveCfg = Release|Any CPU
		{780744E0-5684-43C8-A28C-447EDAF2170A}.AppStore|Any CPU.Build.0 = Release|Any CPU
		{780744E0-5684-43C8-A28C-447EDAF2170A}.AppStore|iPhone.ActiveCfg = Release|Any CPU
		{780744E0-5684-43C8-A28C-447EDAF2170A}.AppStore|iPhone.Build.0 = Release|Any CPU
		{780744E0-5684-43C8-A28C-447EDAF2170A}.AppStore|iPhoneSimulator.ActiveCfg = Release|Any CPU
		{780744E0-5684-43C8-A28C-447EDAF2170A}.AppStore|iPhoneSimulator.Build.0 = Release|Any CPU
		{780744E0-5684-43C8-A28C-447EDAF2170A}.Debug|Any CPU.ActiveCfg = Debug|Any CPU
		{780744E0-5684-43C8-A28C-447EDAF2170A}.Debug|Any CPU.Build.0 = Debug|Any CPU
		{780744E0-5684-43C8-A28C-447EDAF2170A}.Debug|iPhone.ActiveCfg = Debug|Any CPU
		{780744E0-5684-43C8-A28C-447EDAF2170A}.Debug|iPhone.Build.0 = Debug|Any CPU
		{780744E0-5684-43C8-A28C-447EDAF2170A}.Debug|iPhoneSimulator.ActiveCfg = Debug|Any CPU
		{780744E0-5684-43C8-A28C-447EDAF2170A}.Debug|iPhoneSimulator.Build.0 = Debug|Any CPU
		{780744E0-5684-43C8-A28C-447EDAF2170A}.Release|Any CPU.ActiveCfg = Release|Any CPU
		{780744E0-5684-43C8-A28C-447EDAF2170A}.Release|Any CPU.Build.0 = Release|Any CPU
		{780744E0-5684-43C8-A28C-447EDAF2170A}.Release|iPhone.ActiveCfg = Release|Any CPU
		{780744E0-5684-43C8-A28C-447EDAF2170A}.Release|iPhone.Build.0 = Release|Any CPU
		{780744E0-5684-43C8-A28C-447EDAF2170A}.Release|iPhoneSimulator.ActiveCfg = Release|Any CPU
		{780744E0-5684-43C8-A28C-447EDAF2170A}.Release|iPhoneSimulator.Build.0 = Release|Any CPU
		{0CBF74C8-73C7-4B12-A420-3AD601F21829}.Ad-Hoc|Any CPU.ActiveCfg = Debug|Any CPU
		{0CBF74C8-73C7-4B12-A420-3AD601F21829}.Ad-Hoc|Any CPU.Build.0 = Debug|Any CPU
		{0CBF74C8-73C7-4B12-A420-3AD601F21829}.Ad-Hoc|iPhone.ActiveCfg = Debug|Any CPU
		{0CBF74C8-73C7-4B12-A420-3AD601F21829}.Ad-Hoc|iPhone.Build.0 = Debug|Any CPU
		{0CBF74C8-73C7-4B12-A420-3AD601F21829}.Ad-Hoc|iPhoneSimulator.ActiveCfg = Debug|Any CPU
		{0CBF74C8-73C7-4B12-A420-3AD601F21829}.Ad-Hoc|iPhoneSimulator.Build.0 = Debug|Any CPU
		{0CBF74C8-73C7-4B12-A420-3AD601F21829}.AppStore|Any CPU.ActiveCfg = Debug|Any CPU
		{0CBF74C8-73C7-4B12-A420-3AD601F21829}.AppStore|Any CPU.Build.0 = Debug|Any CPU
		{0CBF74C8-73C7-4B12-A420-3AD601F21829}.AppStore|iPhone.ActiveCfg = Debug|Any CPU
		{0CBF74C8-73C7-4B12-A420-3AD601F21829}.AppStore|iPhone.Build.0 = Debug|Any CPU
		{0CBF74C8-73C7-4B12-A420-3AD601F21829}.AppStore|iPhoneSimulator.ActiveCfg = Debug|Any CPU
		{0CBF74C8-73C7-4B12-A420-3AD601F21829}.AppStore|iPhoneSimulator.Build.0 = Debug|Any CPU
		{0CBF74C8-73C7-4B12-A420-3AD601F21829}.Debug|Any CPU.ActiveCfg = Debug|Any CPU
		{0CBF74C8-73C7-4B12-A420-3AD601F21829}.Debug|Any CPU.Build.0 = Debug|Any CPU
		{0CBF74C8-73C7-4B12-A420-3AD601F21829}.Debug|iPhone.ActiveCfg = Debug|Any CPU
		{0CBF74C8-73C7-4B12-A420-3AD601F21829}.Debug|iPhone.Build.0 = Debug|Any CPU
		{0CBF74C8-73C7-4B12-A420-3AD601F21829}.Debug|iPhoneSimulator.ActiveCfg = Debug|Any CPU
		{0CBF74C8-73C7-4B12-A420-3AD601F21829}.Debug|iPhoneSimulator.Build.0 = Debug|Any CPU
		{0CBF74C8-73C7-4B12-A420-3AD601F21829}.Release|Any CPU.ActiveCfg = Release|Any CPU
		{0CBF74C8-73C7-4B12-A420-3AD601F21829}.Release|Any CPU.Build.0 = Release|Any CPU
		{0CBF74C8-73C7-4B12-A420-3AD601F21829}.Release|iPhone.ActiveCfg = Release|Any CPU
		{0CBF74C8-73C7-4B12-A420-3AD601F21829}.Release|iPhone.Build.0 = Release|Any CPU
		{0CBF74C8-73C7-4B12-A420-3AD601F21829}.Release|iPhoneSimulator.ActiveCfg = Release|Any CPU
		{0CBF74C8-73C7-4B12-A420-3AD601F21829}.Release|iPhoneSimulator.Build.0 = Release|Any CPU
		{08F46D3F-7A28-467C-9C0A-4E39E8AC288E}.Ad-Hoc|Any CPU.ActiveCfg = Debug|Any CPU
		{08F46D3F-7A28-467C-9C0A-4E39E8AC288E}.Ad-Hoc|Any CPU.Build.0 = Debug|Any CPU
		{08F46D3F-7A28-467C-9C0A-4E39E8AC288E}.Ad-Hoc|iPhone.ActiveCfg = Debug|Any CPU
		{08F46D3F-7A28-467C-9C0A-4E39E8AC288E}.Ad-Hoc|iPhone.Build.0 = Debug|Any CPU
		{08F46D3F-7A28-467C-9C0A-4E39E8AC288E}.Ad-Hoc|iPhoneSimulator.ActiveCfg = Debug|Any CPU
		{08F46D3F-7A28-467C-9C0A-4E39E8AC288E}.Ad-Hoc|iPhoneSimulator.Build.0 = Debug|Any CPU
		{08F46D3F-7A28-467C-9C0A-4E39E8AC288E}.AppStore|Any CPU.ActiveCfg = Debug|Any CPU
		{08F46D3F-7A28-467C-9C0A-4E39E8AC288E}.AppStore|Any CPU.Build.0 = Debug|Any CPU
		{08F46D3F-7A28-467C-9C0A-4E39E8AC288E}.AppStore|iPhone.ActiveCfg = Debug|Any CPU
		{08F46D3F-7A28-467C-9C0A-4E39E8AC288E}.AppStore|iPhone.Build.0 = Debug|Any CPU
		{08F46D3F-7A28-467C-9C0A-4E39E8AC288E}.AppStore|iPhoneSimulator.ActiveCfg = Debug|Any CPU
		{08F46D3F-7A28-467C-9C0A-4E39E8AC288E}.AppStore|iPhoneSimulator.Build.0 = Debug|Any CPU
		{08F46D3F-7A28-467C-9C0A-4E39E8AC288E}.Debug|Any CPU.ActiveCfg = Debug|Any CPU
		{08F46D3F-7A28-467C-9C0A-4E39E8AC288E}.Debug|Any CPU.Build.0 = Debug|Any CPU
		{08F46D3F-7A28-467C-9C0A-4E39E8AC288E}.Debug|iPhone.ActiveCfg = Debug|Any CPU
		{08F46D3F-7A28-467C-9C0A-4E39E8AC288E}.Debug|iPhone.Build.0 = Debug|Any CPU
		{08F46D3F-7A28-467C-9C0A-4E39E8AC288E}.Debug|iPhoneSimulator.ActiveCfg = Debug|Any CPU
		{08F46D3F-7A28-467C-9C0A-4E39E8AC288E}.Debug|iPhoneSimulator.Build.0 = Debug|Any CPU
		{08F46D3F-7A28-467C-9C0A-4E39E8AC288E}.Release|Any CPU.ActiveCfg = Release|Any CPU
		{08F46D3F-7A28-467C-9C0A-4E39E8AC288E}.Release|Any CPU.Build.0 = Release|Any CPU
		{08F46D3F-7A28-467C-9C0A-4E39E8AC288E}.Release|iPhone.ActiveCfg = Release|Any CPU
		{08F46D3F-7A28-467C-9C0A-4E39E8AC288E}.Release|iPhone.Build.0 = Release|Any CPU
		{08F46D3F-7A28-467C-9C0A-4E39E8AC288E}.Release|iPhoneSimulator.ActiveCfg = Release|Any CPU
		{08F46D3F-7A28-467C-9C0A-4E39E8AC288E}.Release|iPhoneSimulator.Build.0 = Release|Any CPU
		{BE99D5DC-946E-4B66-9ECE-30BE52F5EE5F}.Ad-Hoc|Any CPU.ActiveCfg = Debug|Any CPU
		{BE99D5DC-946E-4B66-9ECE-30BE52F5EE5F}.Ad-Hoc|Any CPU.Build.0 = Debug|Any CPU
		{BE99D5DC-946E-4B66-9ECE-30BE52F5EE5F}.Ad-Hoc|iPhone.ActiveCfg = Debug|Any CPU
		{BE99D5DC-946E-4B66-9ECE-30BE52F5EE5F}.Ad-Hoc|iPhone.Build.0 = Debug|Any CPU
		{BE99D5DC-946E-4B66-9ECE-30BE52F5EE5F}.Ad-Hoc|iPhoneSimulator.ActiveCfg = Debug|Any CPU
		{BE99D5DC-946E-4B66-9ECE-30BE52F5EE5F}.Ad-Hoc|iPhoneSimulator.Build.0 = Debug|Any CPU
		{BE99D5DC-946E-4B66-9ECE-30BE52F5EE5F}.AppStore|Any CPU.ActiveCfg = Debug|Any CPU
		{BE99D5DC-946E-4B66-9ECE-30BE52F5EE5F}.AppStore|Any CPU.Build.0 = Debug|Any CPU
		{BE99D5DC-946E-4B66-9ECE-30BE52F5EE5F}.AppStore|iPhone.ActiveCfg = Debug|Any CPU
		{BE99D5DC-946E-4B66-9ECE-30BE52F5EE5F}.AppStore|iPhone.Build.0 = Debug|Any CPU
		{BE99D5DC-946E-4B66-9ECE-30BE52F5EE5F}.AppStore|iPhoneSimulator.ActiveCfg = Debug|Any CPU
		{BE99D5DC-946E-4B66-9ECE-30BE52F5EE5F}.AppStore|iPhoneSimulator.Build.0 = Debug|Any CPU
		{BE99D5DC-946E-4B66-9ECE-30BE52F5EE5F}.Debug|Any CPU.ActiveCfg = Debug|Any CPU
		{BE99D5DC-946E-4B66-9ECE-30BE52F5EE5F}.Debug|Any CPU.Build.0 = Debug|Any CPU
		{BE99D5DC-946E-4B66-9ECE-30BE52F5EE5F}.Debug|iPhone.ActiveCfg = Debug|Any CPU
		{BE99D5DC-946E-4B66-9ECE-30BE52F5EE5F}.Debug|iPhone.Build.0 = Debug|Any CPU
		{BE99D5DC-946E-4B66-9ECE-30BE52F5EE5F}.Debug|iPhoneSimulator.ActiveCfg = Debug|Any CPU
		{BE99D5DC-946E-4B66-9ECE-30BE52F5EE5F}.Debug|iPhoneSimulator.Build.0 = Debug|Any CPU
		{BE99D5DC-946E-4B66-9ECE-30BE52F5EE5F}.Release|Any CPU.ActiveCfg = Release|Any CPU
		{BE99D5DC-946E-4B66-9ECE-30BE52F5EE5F}.Release|Any CPU.Build.0 = Release|Any CPU
		{BE99D5DC-946E-4B66-9ECE-30BE52F5EE5F}.Release|iPhone.ActiveCfg = Release|Any CPU
		{BE99D5DC-946E-4B66-9ECE-30BE52F5EE5F}.Release|iPhone.Build.0 = Release|Any CPU
		{BE99D5DC-946E-4B66-9ECE-30BE52F5EE5F}.Release|iPhoneSimulator.ActiveCfg = Release|Any CPU
		{BE99D5DC-946E-4B66-9ECE-30BE52F5EE5F}.Release|iPhoneSimulator.Build.0 = Release|Any CPU
		{9984CB92-BE24-452D-8DDD-001436E4AAC7}.Ad-Hoc|Any CPU.ActiveCfg = Release|Any CPU
		{9984CB92-BE24-452D-8DDD-001436E4AAC7}.Ad-Hoc|Any CPU.Build.0 = Release|Any CPU
		{9984CB92-BE24-452D-8DDD-001436E4AAC7}.Ad-Hoc|iPhone.ActiveCfg = Release|Any CPU
		{9984CB92-BE24-452D-8DDD-001436E4AAC7}.Ad-Hoc|iPhone.Build.0 = Release|Any CPU
		{9984CB92-BE24-452D-8DDD-001436E4AAC7}.Ad-Hoc|iPhoneSimulator.ActiveCfg = Release|Any CPU
		{9984CB92-BE24-452D-8DDD-001436E4AAC7}.Ad-Hoc|iPhoneSimulator.Build.0 = Release|Any CPU
		{9984CB92-BE24-452D-8DDD-001436E4AAC7}.AppStore|Any CPU.ActiveCfg = Release|Any CPU
		{9984CB92-BE24-452D-8DDD-001436E4AAC7}.AppStore|Any CPU.Build.0 = Release|Any CPU
		{9984CB92-BE24-452D-8DDD-001436E4AAC7}.AppStore|iPhone.ActiveCfg = Release|Any CPU
		{9984CB92-BE24-452D-8DDD-001436E4AAC7}.AppStore|iPhone.Build.0 = Release|Any CPU
		{9984CB92-BE24-452D-8DDD-001436E4AAC7}.AppStore|iPhoneSimulator.ActiveCfg = Release|Any CPU
		{9984CB92-BE24-452D-8DDD-001436E4AAC7}.AppStore|iPhoneSimulator.Build.0 = Release|Any CPU
		{9984CB92-BE24-452D-8DDD-001436E4AAC7}.Debug|Any CPU.ActiveCfg = Debug|Any CPU
		{9984CB92-BE24-452D-8DDD-001436E4AAC7}.Debug|Any CPU.Build.0 = Debug|Any CPU
		{9984CB92-BE24-452D-8DDD-001436E4AAC7}.Debug|iPhone.ActiveCfg = Debug|Any CPU
		{9984CB92-BE24-452D-8DDD-001436E4AAC7}.Debug|iPhone.Build.0 = Debug|Any CPU
		{9984CB92-BE24-452D-8DDD-001436E4AAC7}.Debug|iPhoneSimulator.ActiveCfg = Debug|Any CPU
		{9984CB92-BE24-452D-8DDD-001436E4AAC7}.Debug|iPhoneSimulator.Build.0 = Debug|Any CPU
		{9984CB92-BE24-452D-8DDD-001436E4AAC7}.Release|Any CPU.ActiveCfg = Release|Any CPU
		{9984CB92-BE24-452D-8DDD-001436E4AAC7}.Release|Any CPU.Build.0 = Release|Any CPU
		{9984CB92-BE24-452D-8DDD-001436E4AAC7}.Release|iPhone.ActiveCfg = Release|Any CPU
		{9984CB92-BE24-452D-8DDD-001436E4AAC7}.Release|iPhone.Build.0 = Release|Any CPU
		{9984CB92-BE24-452D-8DDD-001436E4AAC7}.Release|iPhoneSimulator.ActiveCfg = Release|Any CPU
		{9984CB92-BE24-452D-8DDD-001436E4AAC7}.Release|iPhoneSimulator.Build.0 = Release|Any CPU
		{CE144E90-71B8-4498-BAA8-FD24CE921259}.Ad-Hoc|Any CPU.ActiveCfg = Release|Any CPU
		{CE144E90-71B8-4498-BAA8-FD24CE921259}.Ad-Hoc|Any CPU.Build.0 = Release|Any CPU
		{CE144E90-71B8-4498-BAA8-FD24CE921259}.Ad-Hoc|iPhone.ActiveCfg = Release|Any CPU
		{CE144E90-71B8-4498-BAA8-FD24CE921259}.Ad-Hoc|iPhone.Build.0 = Release|Any CPU
		{CE144E90-71B8-4498-BAA8-FD24CE921259}.Ad-Hoc|iPhoneSimulator.ActiveCfg = Release|Any CPU
		{CE144E90-71B8-4498-BAA8-FD24CE921259}.Ad-Hoc|iPhoneSimulator.Build.0 = Release|Any CPU
		{CE144E90-71B8-4498-BAA8-FD24CE921259}.AppStore|Any CPU.ActiveCfg = Release|Any CPU
		{CE144E90-71B8-4498-BAA8-FD24CE921259}.AppStore|Any CPU.Build.0 = Release|Any CPU
		{CE144E90-71B8-4498-BAA8-FD24CE921259}.AppStore|iPhone.ActiveCfg = Release|Any CPU
		{CE144E90-71B8-4498-BAA8-FD24CE921259}.AppStore|iPhone.Build.0 = Release|Any CPU
		{CE144E90-71B8-4498-BAA8-FD24CE921259}.AppStore|iPhoneSimulator.ActiveCfg = Release|Any CPU
		{CE144E90-71B8-4498-BAA8-FD24CE921259}.AppStore|iPhoneSimulator.Build.0 = Release|Any CPU
		{CE144E90-71B8-4498-BAA8-FD24CE921259}.Debug|Any CPU.ActiveCfg = Debug|Any CPU
		{CE144E90-71B8-4498-BAA8-FD24CE921259}.Debug|Any CPU.Build.0 = Debug|Any CPU
		{CE144E90-71B8-4498-BAA8-FD24CE921259}.Debug|iPhone.ActiveCfg = Debug|Any CPU
		{CE144E90-71B8-4498-BAA8-FD24CE921259}.Debug|iPhone.Build.0 = Debug|Any CPU
		{CE144E90-71B8-4498-BAA8-FD24CE921259}.Debug|iPhoneSimulator.ActiveCfg = Debug|Any CPU
		{CE144E90-71B8-4498-BAA8-FD24CE921259}.Debug|iPhoneSimulator.Build.0 = Debug|Any CPU
		{CE144E90-71B8-4498-BAA8-FD24CE921259}.Release|Any CPU.ActiveCfg = Release|Any CPU
		{CE144E90-71B8-4498-BAA8-FD24CE921259}.Release|Any CPU.Build.0 = Release|Any CPU
		{CE144E90-71B8-4498-BAA8-FD24CE921259}.Release|iPhone.ActiveCfg = Release|Any CPU
		{CE144E90-71B8-4498-BAA8-FD24CE921259}.Release|iPhone.Build.0 = Release|Any CPU
		{CE144E90-71B8-4498-BAA8-FD24CE921259}.Release|iPhoneSimulator.ActiveCfg = Release|Any CPU
		{CE144E90-71B8-4498-BAA8-FD24CE921259}.Release|iPhoneSimulator.Build.0 = Release|Any CPU
		{03E0CB81-BEDD-4E06-89AC-CB48557E1D2B}.Ad-Hoc|Any CPU.ActiveCfg = Release|Any CPU
		{03E0CB81-BEDD-4E06-89AC-CB48557E1D2B}.Ad-Hoc|Any CPU.Build.0 = Release|Any CPU
		{03E0CB81-BEDD-4E06-89AC-CB48557E1D2B}.Ad-Hoc|iPhone.ActiveCfg = Release|Any CPU
		{03E0CB81-BEDD-4E06-89AC-CB48557E1D2B}.Ad-Hoc|iPhone.Build.0 = Release|Any CPU
		{03E0CB81-BEDD-4E06-89AC-CB48557E1D2B}.Ad-Hoc|iPhoneSimulator.ActiveCfg = Release|Any CPU
		{03E0CB81-BEDD-4E06-89AC-CB48557E1D2B}.Ad-Hoc|iPhoneSimulator.Build.0 = Release|Any CPU
		{03E0CB81-BEDD-4E06-89AC-CB48557E1D2B}.AppStore|Any CPU.ActiveCfg = Release|Any CPU
		{03E0CB81-BEDD-4E06-89AC-CB48557E1D2B}.AppStore|Any CPU.Build.0 = Release|Any CPU
		{03E0CB81-BEDD-4E06-89AC-CB48557E1D2B}.AppStore|iPhone.ActiveCfg = Release|Any CPU
		{03E0CB81-BEDD-4E06-89AC-CB48557E1D2B}.AppStore|iPhone.Build.0 = Release|Any CPU
		{03E0CB81-BEDD-4E06-89AC-CB48557E1D2B}.AppStore|iPhoneSimulator.ActiveCfg = Release|Any CPU
		{03E0CB81-BEDD-4E06-89AC-CB48557E1D2B}.AppStore|iPhoneSimulator.Build.0 = Release|Any CPU
		{03E0CB81-BEDD-4E06-89AC-CB48557E1D2B}.Debug|Any CPU.ActiveCfg = Debug|Any CPU
		{03E0CB81-BEDD-4E06-89AC-CB48557E1D2B}.Debug|Any CPU.Build.0 = Debug|Any CPU
		{03E0CB81-BEDD-4E06-89AC-CB48557E1D2B}.Debug|iPhone.ActiveCfg = Debug|Any CPU
		{03E0CB81-BEDD-4E06-89AC-CB48557E1D2B}.Debug|iPhone.Build.0 = Debug|Any CPU
		{03E0CB81-BEDD-4E06-89AC-CB48557E1D2B}.Debug|iPhoneSimulator.ActiveCfg = Debug|Any CPU
		{03E0CB81-BEDD-4E06-89AC-CB48557E1D2B}.Debug|iPhoneSimulator.Build.0 = Debug|Any CPU
		{03E0CB81-BEDD-4E06-89AC-CB48557E1D2B}.Release|Any CPU.ActiveCfg = Release|Any CPU
		{03E0CB81-BEDD-4E06-89AC-CB48557E1D2B}.Release|Any CPU.Build.0 = Release|Any CPU
		{03E0CB81-BEDD-4E06-89AC-CB48557E1D2B}.Release|iPhone.ActiveCfg = Release|Any CPU
		{03E0CB81-BEDD-4E06-89AC-CB48557E1D2B}.Release|iPhone.Build.0 = Release|Any CPU
		{03E0CB81-BEDD-4E06-89AC-CB48557E1D2B}.Release|iPhoneSimulator.ActiveCfg = Release|Any CPU
		{03E0CB81-BEDD-4E06-89AC-CB48557E1D2B}.Release|iPhoneSimulator.Build.0 = Release|Any CPU
	EndGlobalSection
	GlobalSection(SolutionProperties) = preSolution
		HideSolutionNode = FALSE
	EndGlobalSection
	GlobalSection(ExtensibilityGlobals) = postSolution
		SolutionGuid = {C04867B4-9C25-46D7-A5F1-3E225882CC57}
	EndGlobalSection
EndGlobal
